
Microsoft Visual Studio Solution File, Format Version 12.00
# Visual Studio 15
VisualStudioVersion = 15.0.27428.2043
MinimumVisualStudioVersion = 10.0.40219.1
Project("{FAE04EC0-301F-11D3-BF4B-00C04F79EFBC}") = "Application", "Application\Application.csproj", "{2B66756F-5450-4ABE-8C93-B37AD2C79689}"
EndProject
Project("{FAE04EC0-301F-11D3-BF4B-00C04F79EFBC}") = "CRM.Common", "CRM.Common\CRM.Common.csproj", "{C873CD11-37DA-429D-B85F-2CABA5BE7DCE}"
EndProject
Project("{FAE04EC0-301F-11D3-BF4B-00C04F79EFBC}") = "CRM.UserManagement", "CRM.UserManagement\CRM.UserManagement.csproj", "{64730623-BA0A-432B-A8A8-E50263640066}"
EndProject
Global
	GlobalSection(SolutionConfigurationPlatforms) = preSolution
		Debug|Any CPU = Debug|Any CPU
		Release|Any CPU = Release|Any CPU
	EndGlobalSection
	GlobalSection(ProjectConfigurationPlatforms) = postSolution
		{2B66756F-5450-4ABE-8C93-B37AD2C79689}.Debug|Any CPU.ActiveCfg = Debug|Any CPU
		{2B66756F-5450-4ABE-8C93-B37AD2C79689}.Debug|Any CPU.Build.0 = Debug|Any CPU
		{2B66756F-5450-4ABE-8C93-B37AD2C79689}.Release|Any CPU.ActiveCfg = Release|Any CPU
		{2B66756F-5450-4ABE-8C93-B37AD2C79689}.Release|Any CPU.Build.0 = Release|Any CPU
		{C873CD11-37DA-429D-B85F-2CABA5BE7DCE}.Debug|Any CPU.ActiveCfg = Debug|Any CPU
		{C873CD11-37DA-429D-B85F-2CABA5BE7DCE}.Debug|Any CPU.Build.0 = Debug|Any CPU
		{C873CD11-37DA-429D-B85F-2CABA5BE7DCE}.Release|Any CPU.ActiveCfg = Release|Any CPU
		{C873CD11-37DA-429D-B85F-2CABA5BE7DCE}.Release|Any CPU.Build.0 = Release|Any CPU
		{64730623-BA0A-432B-A8A8-E50263640066}.Debug|Any CPU.ActiveCfg = Debug|Any CPU
		{64730623-BA0A-432B-A8A8-E50263640066}.Debug|Any CPU.Build.0 = Debug|Any CPU
		{64730623-BA0A-432B-A8A8-E50263640066}.Release|Any CPU.ActiveCfg = Release|Any CPU
		{64730623-BA0A-432B-A8A8-E50263640066}.Release|Any CPU.Build.0 = Release|Any CPU
	EndGlobalSection
	GlobalSection(SolutionProperties) = preSolution
		HideSolutionNode = FALSE
	EndGlobalSection
	GlobalSection(ExtensibilityGlobals) = postSolution
		SolutionGuid = {C24B2E26-1FCE-49EE-B05E-E201225C1521}
	EndGlobalSection
EndGlobal
